
Microsoft Visual Studio Solution File, Format Version 12.00
# Visual Studio Version 17
VisualStudioVersion = 17.8.34309.116
MinimumVisualStudioVersion = 10.0.40219.1
Project("{9A19103F-16F7-4668-BE54-9A1E7A4F7556}") = "TrafficSimulator.Presentation.WPF", "src\TrafficSimulator.Presentation.WPF\TrafficSimulator.Presentation.WPF.csproj", "{5138BB7F-CBEA-49B4-A482-84A5802052B6}"
EndProject
Project("{2150E333-8FDC-42A3-9474-1A3956D46DE8}") = "src", "src", "{E22C5F94-9CB3-4841-97C2-34E7BC528115}"
EndProject
Project("{2150E333-8FDC-42A3-9474-1A3956D46DE8}") = "test", "test", "{6B82577D-BA01-428B-B831-C4AFFA006073}"
EndProject
Project("{9A19103F-16F7-4668-BE54-9A1E7A4F7556}") = "TrafficSimulator.Application", "src\TrafficSimulator.Application\TrafficSimulator.Application.csproj", "{296BD361-BA7C-4DDF-B388-26B9ECB77996}"
EndProject
Project("{9A19103F-16F7-4668-BE54-9A1E7A4F7556}") = "TrafficSimulator.Domain", "src\TrafficSimulator.Domain\TrafficSimulator.Domain.csproj", "{34C339BA-C875-48CB-AEEC-98592B4F4636}"
EndProject
Project("{9A19103F-16F7-4668-BE54-9A1E7A4F7556}") = "TrafficSimulator.Infrastructure", "src\TrafficSimulator.Infrastructure\TrafficSimulator.Infrastructure.csproj", "{A84A8E7F-8B8A-412C-80F9-0F254A281038}"
EndProject
Project("{9A19103F-16F7-4668-BE54-9A1E7A4F7556}") = "TrafficSimulator.Domain.UnitTests", "test\TrafficSimulator.Domain.UnitTests\TrafficSimulator.Domain.UnitTests.csproj", "{9B1111CE-7D0B-47DE-836F-AA29079E2290}"
EndProject
Project("{9A19103F-16F7-4668-BE54-9A1E7A4F7556}") = "TrafficSimulator.Application.UnitTests", "test\TrafficSimulator.Application.UnitTests\TrafficSimulator.Application.UnitTests.csproj", "{4FA89723-F6E1-472E-A61C-4EA4630EAD18}"
EndProject
Project("{9A19103F-16F7-4668-BE54-9A1E7A4F7556}") = "TrafficSimulator.Infrastructure.UnitTests", "test\TrafficSimulator.Infrastructure.UnitTests\TrafficSimulator.Infrastructure.UnitTests.csproj", "{15BFFE3F-6D25-48EC-BD54-1E4CAB46187E}"
EndProject
Project("{9A19103F-16F7-4668-BE54-9A1E7A4F7556}") = "TrafficSimulator.Tests.Commons", "test\TrafficSimulator.Tests.Commons\TrafficSimulator.Tests.Commons.csproj", "{3DBCBF84-C0C0-4623-8DAC-4EE8B8238EFC}"
EndProject
Project("{9A19103F-16F7-4668-BE54-9A1E7A4F7556}") = "TrafficSimulator.Presentation.Console", "src\TrafficSimulator.Presentation.Console\TrafficSimulator.Presentation.Console.csproj", "{0E480D7C-451D-4375-B9FA-82B1C6FCC36D}"
EndProject
Project("{FAE04EC0-301F-11D3-BF4B-00C04F79EFBC}") = "TrafficSimulator.Infrastructure.DI", "src\TrafficSimulator.Infrastructure.DI\TrafficSimulator.Infrastructure.DI.csproj", "{9FDF71EF-F6C3-47F8-99D4-A29F91AF1573}"
EndProject
Global
	GlobalSection(SolutionConfigurationPlatforms) = preSolution
		Debug|Any CPU = Debug|Any CPU
		Release|Any CPU = Release|Any CPU
	EndGlobalSection
	GlobalSection(ProjectConfigurationPlatforms) = postSolution
		{5138BB7F-CBEA-49B4-A482-84A5802052B6}.Debug|Any CPU.ActiveCfg = Debug|Any CPU
		{5138BB7F-CBEA-49B4-A482-84A5802052B6}.Debug|Any CPU.Build.0 = Debug|Any CPU
		{5138BB7F-CBEA-49B4-A482-84A5802052B6}.Release|Any CPU.ActiveCfg = Release|Any CPU
		{5138BB7F-CBEA-49B4-A482-84A5802052B6}.Release|Any CPU.Build.0 = Release|Any CPU
		{296BD361-BA7C-4DDF-B388-26B9ECB77996}.Debug|Any CPU.ActiveCfg = Debug|Any CPU
		{296BD361-BA7C-4DDF-B388-26B9ECB77996}.Debug|Any CPU.Build.0 = Debug|Any CPU
		{296BD361-BA7C-4DDF-B388-26B9ECB77996}.Release|Any CPU.ActiveCfg = Release|Any CPU
		{296BD361-BA7C-4DDF-B388-26B9ECB77996}.Release|Any CPU.Build.0 = Release|Any CPU
		{34C339BA-C875-48CB-AEEC-98592B4F4636}.Debug|Any CPU.ActiveCfg = Debug|Any CPU
		{34C339BA-C875-48CB-AEEC-98592B4F4636}.Debug|Any CPU.Build.0 = Debug|Any CPU
		{34C339BA-C875-48CB-AEEC-98592B4F4636}.Release|Any CPU.ActiveCfg = Release|Any CPU
		{34C339BA-C875-48CB-AEEC-98592B4F4636}.Release|Any CPU.Build.0 = Release|Any CPU
		{A84A8E7F-8B8A-412C-80F9-0F254A281038}.Debug|Any CPU.ActiveCfg = Debug|Any CPU
		{A84A8E7F-8B8A-412C-80F9-0F254A281038}.Debug|Any CPU.Build.0 = Debug|Any CPU
		{A84A8E7F-8B8A-412C-80F9-0F254A281038}.Release|Any CPU.ActiveCfg = Release|Any CPU
		{A84A8E7F-8B8A-412C-80F9-0F254A281038}.Release|Any CPU.Build.0 = Release|Any CPU
		{9B1111CE-7D0B-47DE-836F-AA29079E2290}.Debug|Any CPU.ActiveCfg = Debug|Any CPU
		{9B1111CE-7D0B-47DE-836F-AA29079E2290}.Debug|Any CPU.Build.0 = Debug|Any CPU
		{9B1111CE-7D0B-47DE-836F-AA29079E2290}.Release|Any CPU.ActiveCfg = Release|Any CPU
		{9B1111CE-7D0B-47DE-836F-AA29079E2290}.Release|Any CPU.Build.0 = Release|Any CPU
		{4FA89723-F6E1-472E-A61C-4EA4630EAD18}.Debug|Any CPU.ActiveCfg = Debug|Any CPU
		{4FA89723-F6E1-472E-A61C-4EA4630EAD18}.Debug|Any CPU.Build.0 = Debug|Any CPU
		{4FA89723-F6E1-472E-A61C-4EA4630EAD18}.Release|Any CPU.ActiveCfg = Release|Any CPU
		{4FA89723-F6E1-472E-A61C-4EA4630EAD18}.Release|Any CPU.Build.0 = Release|Any CPU
		{15BFFE3F-6D25-48EC-BD54-1E4CAB46187E}.Debug|Any CPU.ActiveCfg = Debug|Any CPU
		{15BFFE3F-6D25-48EC-BD54-1E4CAB46187E}.Debug|Any CPU.Build.0 = Debug|Any CPU
		{15BFFE3F-6D25-48EC-BD54-1E4CAB46187E}.Release|Any CPU.ActiveCfg = Release|Any CPU
		{15BFFE3F-6D25-48EC-BD54-1E4CAB46187E}.Release|Any CPU.Build.0 = Release|Any CPU
		{3DBCBF84-C0C0-4623-8DAC-4EE8B8238EFC}.Debug|Any CPU.ActiveCfg = Debug|Any CPU
		{3DBCBF84-C0C0-4623-8DAC-4EE8B8238EFC}.Debug|Any CPU.Build.0 = Debug|Any CPU
		{3DBCBF84-C0C0-4623-8DAC-4EE8B8238EFC}.Release|Any CPU.ActiveCfg = Release|Any CPU
		{3DBCBF84-C0C0-4623-8DAC-4EE8B8238EFC}.Release|Any CPU.Build.0 = Release|Any CPU
		{0E480D7C-451D-4375-B9FA-82B1C6FCC36D}.Debug|Any CPU.ActiveCfg = Debug|Any CPU
		{0E480D7C-451D-4375-B9FA-82B1C6FCC36D}.Debug|Any CPU.Build.0 = Debug|Any CPU
		{0E480D7C-451D-4375-B9FA-82B1C6FCC36D}.Release|Any CPU.ActiveCfg = Release|Any CPU
		{0E480D7C-451D-4375-B9FA-82B1C6FCC36D}.Release|Any CPU.Build.0 = Release|Any CPU
		{9FDF71EF-F6C3-47F8-99D4-A29F91AF1573}.Debug|Any CPU.ActiveCfg = Debug|Any CPU
		{9FDF71EF-F6C3-47F8-99D4-A29F91AF1573}.Debug|Any CPU.Build.0 = Debug|Any CPU
		{9FDF71EF-F6C3-47F8-99D4-A29F91AF1573}.Release|Any CPU.ActiveCfg = Release|Any CPU
		{9FDF71EF-F6C3-47F8-99D4-A29F91AF1573}.Release|Any CPU.Build.0 = Release|Any CPU
	EndGlobalSection
	GlobalSection(SolutionProperties) = preSolution
		HideSolutionNode = FALSE
	EndGlobalSection
	GlobalSection(NestedProjects) = preSolution
		{5138BB7F-CBEA-49B4-A482-84A5802052B6} = {E22C5F94-9CB3-4841-97C2-34E7BC528115}
		{296BD361-BA7C-4DDF-B388-26B9ECB77996} = {E22C5F94-9CB3-4841-97C2-34E7BC528115}
		{34C339BA-C875-48CB-AEEC-98592B4F4636} = {E22C5F94-9CB3-4841-97C2-34E7BC528115}
		{A84A8E7F-8B8A-412C-80F9-0F254A281038} = {E22C5F94-9CB3-4841-97C2-34E7BC528115}
		{9B1111CE-7D0B-47DE-836F-AA29079E2290} = {6B82577D-BA01-428B-B831-C4AFFA006073}
		{4FA89723-F6E1-472E-A61C-4EA4630EAD18} = {6B82577D-BA01-428B-B831-C4AFFA006073}
		{15BFFE3F-6D25-48EC-BD54-1E4CAB46187E} = {6B82577D-BA01-428B-B831-C4AFFA006073}
		{3DBCBF84-C0C0-4623-8DAC-4EE8B8238EFC} = {6B82577D-BA01-428B-B831-C4AFFA006073}
		{0E480D7C-451D-4375-B9FA-82B1C6FCC36D} = {E22C5F94-9CB3-4841-97C2-34E7BC528115}
		{9FDF71EF-F6C3-47F8-99D4-A29F91AF1573} = {E22C5F94-9CB3-4841-97C2-34E7BC528115}
	EndGlobalSection
	GlobalSection(ExtensibilityGlobals) = postSolution
		SolutionGuid = {0745607E-FFE9-49E7-9CAF-011106FE6DBB}
	EndGlobalSection
EndGlobal
